
Microsoft Visual Studio Solution File, Format Version 11.00
# Visual Studio 2010
Project("{FAE04EC0-301F-11D3-BF4B-00C04F79EFBC}") = "tp_lab_4", "tp_lab_4\tp_lab_4.csproj", "{4B0D1F28-333C-4B4D-88F3-E8D1BA3A2796}"
EndProject
Project("{FAE04EC0-301F-11D3-BF4B-00C04F79EFBC}") = "TestProject", "TestProject\TestProject.csproj", "{585144D5-CF61-4E73-8890-678D4F05C4A7}"
EndProject
Project("{2150E333-8FDC-42A3-9474-1A3956D46DE8}") = "Solution Items", "Solution Items", "{16E35F0E-80A8-45E7-ADF9-6034A7FFA8D5}"
	ProjectSection(SolutionItems) = preProject
		Local.testsettings = Local.testsettings
		tp_lab_41.vsmdi = tp_lab_41.vsmdi
		TraceAndTestImpact.testsettings = TraceAndTestImpact.testsettings
	EndProjectSection
EndProject
Global
	GlobalSection(TestCaseManagementSettings) = postSolution
		CategoryFile = tp_lab_41.vsmdi
	EndGlobalSection
	GlobalSection(SolutionConfigurationPlatforms) = preSolution
		Debug|Any CPU = Debug|Any CPU
		Debug|Mixed Platforms = Debug|Mixed Platforms
		Debug|x86 = Debug|x86
		Release|Any CPU = Release|Any CPU
		Release|Mixed Platforms = Release|Mixed Platforms
		Release|x86 = Release|x86
	EndGlobalSection
	GlobalSection(ProjectConfigurationPlatforms) = postSolution
		{4B0D1F28-333C-4B4D-88F3-E8D1BA3A2796}.Debug|Any CPU.ActiveCfg = Debug|x86
		{4B0D1F28-333C-4B4D-88F3-E8D1BA3A2796}.Debug|Mixed Platforms.ActiveCfg = Debug|x86
		{4B0D1F28-333C-4B4D-88F3-E8D1BA3A2796}.Debug|Mixed Platforms.Build.0 = Debug|x86
		{4B0D1F28-333C-4B4D-88F3-E8D1BA3A2796}.Debug|x86.ActiveCfg = Debug|x86
		{4B0D1F28-333C-4B4D-88F3-E8D1BA3A2796}.Debug|x86.Build.0 = Debug|x86
		{4B0D1F28-333C-4B4D-88F3-E8D1BA3A2796}.Release|Any CPU.ActiveCfg = Release|x86
		{4B0D1F28-333C-4B4D-88F3-E8D1BA3A2796}.Release|Mixed Platforms.ActiveCfg = Release|x86
		{4B0D1F28-333C-4B4D-88F3-E8D1BA3A2796}.Release|Mixed Platforms.Build.0 = Release|x86
		{4B0D1F28-333C-4B4D-88F3-E8D1BA3A2796}.Release|x86.ActiveCfg = Release|x86
		{4B0D1F28-333C-4B4D-88F3-E8D1BA3A2796}.Release|x86.Build.0 = Release|x86
		{585144D5-CF61-4E73-8890-678D4F05C4A7}.Debug|Any CPU.ActiveCfg = Debug|Any CPU
		{585144D5-CF61-4E73-8890-678D4F05C4A7}.Debug|Any CPU.Build.0 = Debug|Any CPU
		{585144D5-CF61-4E73-8890-678D4F05C4A7}.Debug|Mixed Platforms.ActiveCfg = Debug|Any CPU
		{585144D5-CF61-4E73-8890-678D4F05C4A7}.Debug|Mixed Platforms.Build.0 = Debug|Any CPU
		{585144D5-CF61-4E73-8890-678D4F05C4A7}.Debug|x86.ActiveCfg = Debug|Any CPU
		{585144D5-CF61-4E73-8890-678D4F05C4A7}.Release|Any CPU.ActiveCfg = Release|Any CPU
		{585144D5-CF61-4E73-8890-678D4F05C4A7}.Release|Any CPU.Build.0 = Release|Any CPU
		{585144D5-CF61-4E73-8890-678D4F05C4A7}.Release|Mixed Platforms.ActiveCfg = Release|Any CPU
		{585144D5-CF61-4E73-8890-678D4F05C4A7}.Release|Mixed Platforms.Build.0 = Release|Any CPU
		{585144D5-CF61-4E73-8890-678D4F05C4A7}.Release|x86.ActiveCfg = Release|Any CPU
	EndGlobalSection
	GlobalSection(SolutionProperties) = preSolution
		HideSolutionNode = FALSE
	EndGlobalSection
EndGlobal
